
Microsoft Visual Studio Solution File, Format Version 12.00
# Visual Studio Version 16
VisualStudioVersion = 16.0.31025.194
MinimumVisualStudioVersion = 10.0.40219.1
Project("{FAE04EC0-301F-11D3-BF4B-00C04F79EFBC}") = "Lab3-5(Class)", "Lab3-5(Class).csproj", "{FF06B033-AAB6-44FF-9112-B0A2A823A254}"
EndProject
Global
	GlobalSection(SolutionConfigurationPlatforms) = preSolution
		Debug|Any CPU = Debug|Any CPU
		Release|Any CPU = Release|Any CPU
	EndGlobalSection
	GlobalSection(ProjectConfigurationPlatforms) = postSolution
		{FF06B033-AAB6-44FF-9112-B0A2A823A254}.Debug|Any CPU.ActiveCfg = Debug|Any CPU
		{FF06B033-AAB6-44FF-9112-B0A2A823A254}.Debug|Any CPU.Build.0 = Debug|Any CPU
		{FF06B033-AAB6-44FF-9112-B0A2A823A254}.Release|Any CPU.ActiveCfg = Release|Any CPU
		{FF06B033-AAB6-44FF-9112-B0A2A823A254}.Release|Any CPU.Build.0 = Release|Any CPU
	EndGlobalSection
	GlobalSection(SolutionProperties) = preSolution
		HideSolutionNode = FALSE
	EndGlobalSection
	GlobalSection(ExtensibilityGlobals) = postSolution
		SolutionGuid = {8E820B32-04C5-4DD2-837A-53EAAC92D592}
	EndGlobalSection
EndGlobal
