
Microsoft Visual Studio Solution File, Format Version 12.00
# Visual Studio Version 16
VisualStudioVersion = 16.0.31005.135
MinimumVisualStudioVersion = 10.0.40219.1
Project("{FAE04EC0-301F-11D3-BF4B-00C04F79EFBC}") = "Lab1", "Lab1.csproj", "{921EAFF2-79A9-4D63-9967-075CA0CC97B0}"
EndProject
Global
	GlobalSection(SolutionConfigurationPlatforms) = preSolution
		Debug|Any CPU = Debug|Any CPU
		Release|Any CPU = Release|Any CPU
	EndGlobalSection
	GlobalSection(ProjectConfigurationPlatforms) = postSolution
		{921EAFF2-79A9-4D63-9967-075CA0CC97B0}.Debug|Any CPU.ActiveCfg = Debug|Any CPU
		{921EAFF2-79A9-4D63-9967-075CA0CC97B0}.Debug|Any CPU.Build.0 = Debug|Any CPU
		{921EAFF2-79A9-4D63-9967-075CA0CC97B0}.Release|Any CPU.ActiveCfg = Release|Any CPU
		{921EAFF2-79A9-4D63-9967-075CA0CC97B0}.Release|Any CPU.Build.0 = Release|Any CPU
	EndGlobalSection
	GlobalSection(SolutionProperties) = preSolution
		HideSolutionNode = FALSE
	EndGlobalSection
	GlobalSection(ExtensibilityGlobals) = postSolution
		SolutionGuid = {E40D2323-C37D-401E-9207-8A7F12C3470E}
	EndGlobalSection
EndGlobal
